
Microsoft Visual Studio Solution File, Format Version 12.00
# Blend for Visual Studio Version 17
VisualStudioVersion = 17.1.32407.343
MinimumVisualStudioVersion = 10.0.40219.1
Project("{9A19103F-16F7-4668-BE54-9A1E7A4F7556}") = "Element to Element Data Binding", "Element to Element Data Binding\Element to Element Data Binding.csproj", "{FC13BC24-43B0-47F3-9BED-1FA948EC8E16}"
EndProject
Global
	GlobalSection(SolutionConfigurationPlatforms) = preSolution
		Debug|Any CPU = Debug|Any CPU
		Release|Any CPU = Release|Any CPU
	EndGlobalSection
	GlobalSection(ProjectConfigurationPlatforms) = postSolution
		{FC13BC24-43B0-47F3-9BED-1FA948EC8E16}.Debug|Any CPU.ActiveCfg = Debug|Any CPU
		{FC13BC24-43B0-47F3-9BED-1FA948EC8E16}.Debug|Any CPU.Build.0 = Debug|Any CPU
		{FC13BC24-43B0-47F3-9BED-1FA948EC8E16}.Release|Any CPU.ActiveCfg = Release|Any CPU
		{FC13BC24-43B0-47F3-9BED-1FA948EC8E16}.Release|Any CPU.Build.0 = Release|Any CPU
	EndGlobalSection
	GlobalSection(SolutionProperties) = preSolution
		HideSolutionNode = FALSE
	EndGlobalSection
	GlobalSection(ExtensibilityGlobals) = postSolution
		SolutionGuid = {1249F52F-E2E8-4BAA-86E3-8E6BC1E2A3B8}
	EndGlobalSection
EndGlobal
